// !$*UTF8*$!
{
	archiveVersion = 1;
	classes = {
	};
	objectVersion = 51;
	objects = {

/* Begin PBXBuildFile section */
		D90C689D267F7629008B1A00 /* ViewControllerExtensions.swift in Sources */ = {isa = PBXBuildFile; fileRef = D90C689C267F7629008B1A00 /* ViewControllerExtensions.swift */; };
		D918273E266BB99F006281BE /* AppDelegate.swift in Sources */ = {isa = PBXBuildFile; fileRef = D918273D266BB99F006281BE /* AppDelegate.swift */; };
		D9182740266BB99F006281BE /* SceneDelegate.swift in Sources */ = {isa = PBXBuildFile; fileRef = D918273F266BB99F006281BE /* SceneDelegate.swift */; };
		D9182742266BB99F006281BE /* HomeViewController.swift in Sources */ = {isa = PBXBuildFile; fileRef = D9182741266BB99F006281BE /* HomeViewController.swift */; };
		D9182745266BB99F006281BE /* Main.storyboard in Resources */ = {isa = PBXBuildFile; fileRef = D9182743266BB99F006281BE /* Main.storyboard */; };
		D9182747266BB9A0006281BE /* Assets.xcassets in Resources */ = {isa = PBXBuildFile; fileRef = D9182746266BB9A0006281BE /* Assets.xcassets */; };
		D918274A266BB9A0006281BE /* LaunchScreen.storyboard in Resources */ = {isa = PBXBuildFile; fileRef = D9182748266BB9A0006281BE /* LaunchScreen.storyboard */; };
		D9253183266BC93D0006E61F /* PhotosViewController.swift in Sources */ = {isa = PBXBuildFile; fileRef = D9253182266BC93D0006E61F /* PhotosViewController.swift */; };
		D9444D80267F95AB0098AC68 /* DeletePhotosResponse.swift in Sources */ = {isa = PBXBuildFile; fileRef = D9444D7F267F95AB0098AC68 /* DeletePhotosResponse.swift */; };
		D9444D8A267F96520098AC68 /* PhotoInfo.swift in Sources */ = {isa = PBXBuildFile; fileRef = D9444D89267F96520098AC68 /* PhotoInfo.swift */; };
		D94D508E266FB8230056D089 /* PhotosBox.xcdatamodeld in Sources */ = {isa = PBXBuildFile; fileRef = D94D508C266FB8230056D089 /* PhotosBox.xcdatamodeld */; };
		D94D5091266FB8E60056D089 /* Photo+Extensions.swift in Sources */ = {isa = PBXBuildFile; fileRef = D94D5090266FB8E60056D089 /* Photo+Extensions.swift */; };
		D94D5094266FB9260056D089 /* DataController.swift in Sources */ = {isa = PBXBuildFile; fileRef = D94D5093266FB9260056D089 /* DataController.swift */; };
		D960D8F1266BCB590007B2C5 /* CloudViewController.swift in Sources */ = {isa = PBXBuildFile; fileRef = D960D8F0266BCB590007B2C5 /* CloudViewController.swift */; };
		D9633EAD266CC26E00A7BCBF /* PhotoCell.swift in Sources */ = {isa = PBXBuildFile; fileRef = D9633EAC266CC26E00A7BCBF /* PhotoCell.swift */; };
		D967FD4A267534D7006736B0 /* AuthService.swift in Sources */ = {isa = PBXBuildFile; fileRef = D967FD49267534D6006736B0 /* AuthService.swift */; };
		D967FD50267541EB006736B0 /* SettingsController.swift in Sources */ = {isa = PBXBuildFile; fileRef = D967FD4F267541EB006736B0 /* SettingsController.swift */; };
		D989860D266E6E4E002578F6 /* PhotoDetailController.swift in Sources */ = {isa = PBXBuildFile; fileRef = D989860C266E6E4E002578F6 /* PhotoDetailController.swift */; };
		D9898615266E78AB002578F6 /* PhotosSelectionController.swift in Sources */ = {isa = PBXBuildFile; fileRef = D9898614266E78AB002578F6 /* PhotosSelectionController.swift */; };
		D989861A266E7AC1002578F6 /* GridCollectionView.swift in Sources */ = {isa = PBXBuildFile; fileRef = D9898619266E7AC1002578F6 /* GridCollectionView.swift */; };
		D989861E266E8443002578F6 /* DataModel.swift in Sources */ = {isa = PBXBuildFile; fileRef = D989861D266E8443002578F6 /* DataModel.swift */; };
		D9B937F42674B8DD006EE067 /* SignupController.swift in Sources */ = {isa = PBXBuildFile; fileRef = D9B937F32674B8DD006EE067 /* SignupController.swift */; };
		D9B937F72674B8EC006EE067 /* LoginController.swift in Sources */ = {isa = PBXBuildFile; fileRef = D9B937F62674B8EC006EE067 /* LoginController.swift */; };
		D9B938052674BBA4006EE067 /* ApiService.swift in Sources */ = {isa = PBXBuildFile; fileRef = D9B938042674BBA4006EE067 /* ApiService.swift */; };
		D9B938142674C9C9006EE067 /* LoginResponse.swift in Sources */ = {isa = PBXBuildFile; fileRef = D9B938132674C9C9006EE067 /* LoginResponse.swift */; };
		D9BB539B2675E220008F6740 /* PasscodeController.swift in Sources */ = {isa = PBXBuildFile; fileRef = D9BB539A2675E220008F6740 /* PasscodeController.swift */; };
		D9BB53A32675F174008F6740 /* PasscodeService.swift in Sources */ = {isa = PBXBuildFile; fileRef = D9BB53A22675F174008F6740 /* PasscodeService.swift */; };
		D9C54F3F267FC43C005F61E6 /* User.swift in Sources */ = {isa = PBXBuildFile; fileRef = D9C54F3E267FC43C005F61E6 /* User.swift */; };
		D9DA9424267B5C6500C2E073 /* FetchPhotosResponse.swift in Sources */ = {isa = PBXBuildFile; fileRef = D9DA9423267B5C6500C2E073 /* FetchPhotosResponse.swift */; };
		D9F5B5DF2673B7CA005FE784 /* RoundedButton.swift in Sources */ = {isa = PBXBuildFile; fileRef = D9F5B5DE2673B7CA005FE784 /* RoundedButton.swift */; };
		D9F5B5E22673CB60005FE784 /* RoundedTextField.swift in Sources */ = {isa = PBXBuildFile; fileRef = D9F5B5E12673CB60005FE784 /* RoundedTextField.swift */; };
		EAB0E94D832CC92CA8CDDDC4 /* Pods_PhotosBox.framework in Frameworks */ = {isa = PBXBuildFile; fileRef = 5EF0F254AB3B627B4E4734A4 /* Pods_PhotosBox.framework */; };
/* End PBXBuildFile section */

/* Begin PBXFileReference section */
		2F210ECC42757443A323E36D /* Pods-PhotosBox.debug.xcconfig */ = {isa = PBXFileReference; includeInIndex = 1; lastKnownFileType = text.xcconfig; name = "Pods-PhotosBox.debug.xcconfig"; path = "Target Support Files/Pods-PhotosBox/Pods-PhotosBox.debug.xcconfig"; sourceTree = "<group>"; };
		5EF0F254AB3B627B4E4734A4 /* Pods_PhotosBox.framework */ = {isa = PBXFileReference; explicitFileType = wrapper.framework; includeInIndex = 0; path = Pods_PhotosBox.framework; sourceTree = BUILT_PRODUCTS_DIR; };
		C0CC3E9834E7A9A8E6B74666 /* Pods-PhotosBox.release.xcconfig */ = {isa = PBXFileReference; includeInIndex = 1; lastKnownFileType = text.xcconfig; name = "Pods-PhotosBox.release.xcconfig"; path = "Target Support Files/Pods-PhotosBox/Pods-PhotosBox.release.xcconfig"; sourceTree = "<group>"; };
		D90C689C267F7629008B1A00 /* ViewControllerExtensions.swift */ = {isa = PBXFileReference; lastKnownFileType = sourcecode.swift; path = ViewControllerExtensions.swift; sourceTree = "<group>"; };
		D918273A266BB99F006281BE /* PhotosBox.app */ = {isa = PBXFileReference; explicitFileType = wrapper.application; includeInIndex = 0; path = PhotosBox.app; sourceTree = BUILT_PRODUCTS_DIR; };
		D918273D266BB99F006281BE /* AppDelegate.swift */ = {isa = PBXFileReference; lastKnownFileType = sourcecode.swift; path = AppDelegate.swift; sourceTree = "<group>"; };
		D918273F266BB99F006281BE /* SceneDelegate.swift */ = {isa = PBXFileReference; lastKnownFileType = sourcecode.swift; path = SceneDelegate.swift; sourceTree = "<group>"; };
		D9182741266BB99F006281BE /* HomeViewController.swift */ = {isa = PBXFileReference; lastKnownFileType = sourcecode.swift; path = HomeViewController.swift; sourceTree = "<group>"; };
		D9182744266BB99F006281BE /* Base */ = {isa = PBXFileReference; lastKnownFileType = file.storyboard; name = Base; path = Base.lproj/Main.storyboard; sourceTree = "<group>"; };
		D9182746266BB9A0006281BE /* Assets.xcassets */ = {isa = PBXFileReference; lastKnownFileType = folder.assetcatalog; path = Assets.xcassets; sourceTree = "<group>"; };
		D9182749266BB9A0006281BE /* Base */ = {isa = PBXFileReference; lastKnownFileType = file.storyboard; name = Base; path = Base.lproj/LaunchScreen.storyboard; sourceTree = "<group>"; };
		D918274B266BB9A0006281BE /* Info.plist */ = {isa = PBXFileReference; lastKnownFileType = text.plist.xml; path = Info.plist; sourceTree = "<group>"; };
		D9253182266BC93D0006E61F /* PhotosViewController.swift */ = {isa = PBXFileReference; lastKnownFileType = sourcecode.swift; path = PhotosViewController.swift; sourceTree = "<group>"; };
		D9444D7F267F95AB0098AC68 /* DeletePhotosResponse.swift */ = {isa = PBXFileReference; lastKnownFileType = sourcecode.swift; path = DeletePhotosResponse.swift; sourceTree = "<group>"; };
		D9444D89267F96520098AC68 /* PhotoInfo.swift */ = {isa = PBXFileReference; lastKnownFileType = sourcecode.swift; path = PhotoInfo.swift; sourceTree = "<group>"; };
		D94D508D266FB8230056D089 /* PhotosBox.xcdatamodel */ = {isa = PBXFileReference; lastKnownFileType = wrapper.xcdatamodel; path = PhotosBox.xcdatamodel; sourceTree = "<group>"; };
		D94D5090266FB8E60056D089 /* Photo+Extensions.swift */ = {isa = PBXFileReference; lastKnownFileType = sourcecode.swift; path = "Photo+Extensions.swift"; sourceTree = "<group>"; };
		D94D5093266FB9260056D089 /* DataController.swift */ = {isa = PBXFileReference; lastKnownFileType = sourcecode.swift; path = DataController.swift; sourceTree = "<group>"; };
		D960D8F0266BCB590007B2C5 /* CloudViewController.swift */ = {isa = PBXFileReference; lastKnownFileType = sourcecode.swift; path = CloudViewController.swift; sourceTree = "<group>"; };
		D9633EAC266CC26E00A7BCBF /* PhotoCell.swift */ = {isa = PBXFileReference; lastKnownFileType = sourcecode.swift; path = PhotoCell.swift; sourceTree = "<group>"; };
		D967FD49267534D6006736B0 /* AuthService.swift */ = {isa = PBXFileReference; lastKnownFileType = sourcecode.swift; path = AuthService.swift; sourceTree = "<group>"; };
		D967FD4F267541EB006736B0 /* SettingsController.swift */ = {isa = PBXFileReference; lastKnownFileType = sourcecode.swift; path = SettingsController.swift; sourceTree = "<group>"; };
		D989860C266E6E4E002578F6 /* PhotoDetailController.swift */ = {isa = PBXFileReference; lastKnownFileType = sourcecode.swift; path = PhotoDetailController.swift; sourceTree = "<group>"; };
		D9898614266E78AB002578F6 /* PhotosSelectionController.swift */ = {isa = PBXFileReference; lastKnownFileType = sourcecode.swift; path = PhotosSelectionController.swift; sourceTree = "<group>"; };
		D9898619266E7AC1002578F6 /* GridCollectionView.swift */ = {isa = PBXFileReference; lastKnownFileType = sourcecode.swift; path = GridCollectionView.swift; sourceTree = "<group>"; };
		D989861D266E8443002578F6 /* DataModel.swift */ = {isa = PBXFileReference; lastKnownFileType = sourcecode.swift; path = DataModel.swift; sourceTree = "<group>"; };
		D9B937F32674B8DD006EE067 /* SignupController.swift */ = {isa = PBXFileReference; lastKnownFileType = sourcecode.swift; path = SignupController.swift; sourceTree = "<group>"; };
		D9B937F62674B8EC006EE067 /* LoginController.swift */ = {isa = PBXFileReference; lastKnownFileType = sourcecode.swift; path = LoginController.swift; sourceTree = "<group>"; };
		D9B938042674BBA4006EE067 /* ApiService.swift */ = {isa = PBXFileReference; lastKnownFileType = sourcecode.swift; path = ApiService.swift; sourceTree = "<group>"; };
		D9B938132674C9C9006EE067 /* LoginResponse.swift */ = {isa = PBXFileReference; lastKnownFileType = sourcecode.swift; path = LoginResponse.swift; sourceTree = "<group>"; };
		D9BB539A2675E220008F6740 /* PasscodeController.swift */ = {isa = PBXFileReference; lastKnownFileType = sourcecode.swift; path = PasscodeController.swift; sourceTree = "<group>"; };
		D9BB53A22675F174008F6740 /* PasscodeService.swift */ = {isa = PBXFileReference; lastKnownFileType = sourcecode.swift; path = PasscodeService.swift; sourceTree = "<group>"; };
		D9C54F3E267FC43C005F61E6 /* User.swift */ = {isa = PBXFileReference; lastKnownFileType = sourcecode.swift; path = User.swift; sourceTree = "<group>"; };
		D9DA9423267B5C6500C2E073 /* FetchPhotosResponse.swift */ = {isa = PBXFileReference; lastKnownFileType = sourcecode.swift; path = FetchPhotosResponse.swift; sourceTree = "<group>"; };
		D9F5B5DE2673B7CA005FE784 /* RoundedButton.swift */ = {isa = PBXFileReference; lastKnownFileType = sourcecode.swift; path = RoundedButton.swift; sourceTree = "<group>"; };
		D9F5B5E12673CB60005FE784 /* RoundedTextField.swift */ = {isa = PBXFileReference; lastKnownFileType = sourcecode.swift; path = RoundedTextField.swift; sourceTree = "<group>"; };
/* End PBXFileReference section */

/* Begin PBXFrameworksBuildPhase section */
		D9182737266BB99F006281BE /* Frameworks */ = {
			isa = PBXFrameworksBuildPhase;
			buildActionMask = 2147483647;
			files = (
				EAB0E94D832CC92CA8CDDDC4 /* Pods_PhotosBox.framework in Frameworks */,
			);
			runOnlyForDeploymentPostprocessing = 0;
		};
/* End PBXFrameworksBuildPhase section */

/* Begin PBXGroup section */
		7265C728D720E154CCA21520 /* Pods */ = {
			isa = PBXGroup;
			children = (
				2F210ECC42757443A323E36D /* Pods-PhotosBox.debug.xcconfig */,
				C0CC3E9834E7A9A8E6B74666 /* Pods-PhotosBox.release.xcconfig */,
			);
			path = Pods;
			sourceTree = "<group>";
		};
		D9182731266BB99F006281BE = {
			isa = PBXGroup;
			children = (
				D918273C266BB99F006281BE /* PhotosBox */,
				D918273B266BB99F006281BE /* Products */,
				7265C728D720E154CCA21520 /* Pods */,
				F3D19B4B25BAEABC862BC1AD /* Frameworks */,
			);
			sourceTree = "<group>";
		};
		D918273B266BB99F006281BE /* Products */ = {
			isa = PBXGroup;
			children = (
				D918273A266BB99F006281BE /* PhotosBox.app */,
			);
			name = Products;
			sourceTree = "<group>";
		};
		D918273C266BB99F006281BE /* PhotosBox */ = {
			isa = PBXGroup;
			children = (
				D9B937FF2674BB28006EE067 /* Services */,
				D989861C266E8437002578F6 /* Models */,
				D9633EAA266CC23A00A7BCBF /* Views */,
				D9253181266BC92B0006E61F /* Controllers */,
				D9182746266BB9A0006281BE /* Assets.xcassets */,
				D918274B266BB9A0006281BE /* Info.plist */,
				D9B937FB2674BA9D006EE067 /* Resources */,
			);
			path = PhotosBox;
			sourceTree = "<group>";
		};
		D9253181266BC92B0006E61F /* Controllers */ = {
			isa = PBXGroup;
			children = (
				D9182741266BB99F006281BE /* HomeViewController.swift */,
				D9253182266BC93D0006E61F /* PhotosViewController.swift */,
				D960D8F0266BCB590007B2C5 /* CloudViewController.swift */,
				D989860C266E6E4E002578F6 /* PhotoDetailController.swift */,
				D9898614266E78AB002578F6 /* PhotosSelectionController.swift */,
				D94D5093266FB9260056D089 /* DataController.swift */,
				D9B937F32674B8DD006EE067 /* SignupController.swift */,
				D9B937F62674B8EC006EE067 /* LoginController.swift */,
				D967FD4F267541EB006736B0 /* SettingsController.swift */,
				D9BB539A2675E220008F6740 /* PasscodeController.swift */,
			);
			path = Controllers;
			sourceTree = "<group>";
		};
		D9633EAA266CC23A00A7BCBF /* Views */ = {
			isa = PBXGroup;
			children = (
				D989860F266E7727002578F6 /* Extensions */,
				D9633EAB266CC24000A7BCBF /* Cells */,
				D9B937F92674BA7F006EE067 /* Custom Views */,
			);
			path = Views;
			sourceTree = "<group>";
		};
		D9633EAB266CC24000A7BCBF /* Cells */ = {
			isa = PBXGroup;
			children = (
				D9633EAC266CC26E00A7BCBF /* PhotoCell.swift */,
			);
			path = Cells;
			sourceTree = "<group>";
		};
		D989860F266E7727002578F6 /* Extensions */ = {
			isa = PBXGroup;
			children = (
				D9898619266E7AC1002578F6 /* GridCollectionView.swift */,
				D90C689C267F7629008B1A00 /* ViewControllerExtensions.swift */,
			);
			path = Extensions;
			sourceTree = "<group>";
		};
		D989861C266E8437002578F6 /* Models */ = {
			isa = PBXGroup;
			children = (
				D989861D266E8443002578F6 /* DataModel.swift */,
				D94D508C266FB8230056D089 /* PhotosBox.xcdatamodeld */,
				D94D5090266FB8E60056D089 /* Photo+Extensions.swift */,
				D9B938132674C9C9006EE067 /* LoginResponse.swift */,
				D9DA9423267B5C6500C2E073 /* FetchPhotosResponse.swift */,
				D9444D7F267F95AB0098AC68 /* DeletePhotosResponse.swift */,
				D9444D89267F96520098AC68 /* PhotoInfo.swift */,
				D9C54F3E267FC43C005F61E6 /* User.swift */,
			);
			path = Models;
			sourceTree = "<group>";
		};
		D9B937F92674BA7F006EE067 /* Custom Views */ = {
			isa = PBXGroup;
			children = (
				D9F5B5DE2673B7CA005FE784 /* RoundedButton.swift */,
				D9F5B5E12673CB60005FE784 /* RoundedTextField.swift */,
			);
			path = "Custom Views";
			sourceTree = "<group>";
		};
		D9B937FB2674BA9D006EE067 /* Resources */ = {
			isa = PBXGroup;
			children = (
				D9182748266BB9A0006281BE /* LaunchScreen.storyboard */,
				D9182743266BB99F006281BE /* Main.storyboard */,
				D918273D266BB99F006281BE /* AppDelegate.swift */,
				D918273F266BB99F006281BE /* SceneDelegate.swift */,
			);
			path = Resources;
			sourceTree = "<group>";
		};
		D9B937FF2674BB28006EE067 /* Services */ = {
			isa = PBXGroup;
			children = (
				D9B938042674BBA4006EE067 /* ApiService.swift */,
				D967FD49267534D6006736B0 /* AuthService.swift */,
				D9BB53A22675F174008F6740 /* PasscodeService.swift */,
			);
			path = Services;
			sourceTree = "<group>";
		};
		F3D19B4B25BAEABC862BC1AD /* Frameworks */ = {
			isa = PBXGroup;
			children = (
				5EF0F254AB3B627B4E4734A4 /* Pods_PhotosBox.framework */,
			);
			name = Frameworks;
			sourceTree = "<group>";
		};
/* End PBXGroup section */

/* Begin PBXNativeTarget section */
		D9182739266BB99F006281BE /* PhotosBox */ = {
			isa = PBXNativeTarget;
			buildConfigurationList = D918274E266BB9A0006281BE /* Build configuration list for PBXNativeTarget "PhotosBox" */;
			buildPhases = (
				92BF9586F6B6580FADF4DD42 /* [CP] Check Pods Manifest.lock */,
				D9182736266BB99F006281BE /* Sources */,
				D9182737266BB99F006281BE /* Frameworks */,
				D9182738266BB99F006281BE /* Resources */,
				EFC42B1466F94D6E6AC2E087 /* [CP] Embed Pods Frameworks */,
			);
			buildRules = (
			);
			dependencies = (
			);
			name = PhotosBox;
			productName = PhotosBox;
			productReference = D918273A266BB99F006281BE /* PhotosBox.app */;
			productType = "com.apple.product-type.application";
		};
/* End PBXNativeTarget section */

/* Begin PBXProject section */
		D9182732266BB99F006281BE /* Project object */ = {
			isa = PBXProject;
			attributes = {
				LastSwiftUpdateCheck = 1230;
				LastUpgradeCheck = 1230;
				TargetAttributes = {
					D9182739266BB99F006281BE = {
						CreatedOnToolsVersion = 12.3;
					};
				};
			};
			buildConfigurationList = D9182735266BB99F006281BE /* Build configuration list for PBXProject "PhotosBox" */;
			compatibilityVersion = "Xcode 9.3";
			developmentRegion = en;
			hasScannedForEncodings = 0;
			knownRegions = (
				en,
				Base,
			);
			mainGroup = D9182731266BB99F006281BE;
			productRefGroup = D918273B266BB99F006281BE /* Products */;
			projectDirPath = "";
			projectRoot = "";
			targets = (
				D9182739266BB99F006281BE /* PhotosBox */,
			);
		};
/* End PBXProject section */

/* Begin PBXResourcesBuildPhase section */
		D9182738266BB99F006281BE /* Resources */ = {
			isa = PBXResourcesBuildPhase;
			buildActionMask = 2147483647;
			files = (
				D918274A266BB9A0006281BE /* LaunchScreen.storyboard in Resources */,
				D9182747266BB9A0006281BE /* Assets.xcassets in Resources */,
				D9182745266BB99F006281BE /* Main.storyboard in Resources */,
			);
			runOnlyForDeploymentPostprocessing = 0;
		};
/* End PBXResourcesBuildPhase section */

/* Begin PBXShellScriptBuildPhase section */
		92BF9586F6B6580FADF4DD42 /* [CP] Check Pods Manifest.lock */ = {
			isa = PBXShellScriptBuildPhase;
			buildActionMask = 2147483647;
			files = (
			);
			inputFileListPaths = (
			);
			inputPaths = (
				"${PODS_PODFILE_DIR_PATH}/Podfile.lock",
				"${PODS_ROOT}/Manifest.lock",
			);
			name = "[CP] Check Pods Manifest.lock";
			outputFileListPaths = (
			);
			outputPaths = (
				"$(DERIVED_FILE_DIR)/Pods-PhotosBox-checkManifestLockResult.txt",
			);
			runOnlyForDeploymentPostprocessing = 0;
			shellPath = /bin/sh;
			shellScript = "diff \"${PODS_PODFILE_DIR_PATH}/Podfile.lock\" \"${PODS_ROOT}/Manifest.lock\" > /dev/null\nif [ $? != 0 ] ; then\n    # print error to STDERR\n    echo \"error: The sandbox is not in sync with the Podfile.lock. Run 'pod install' or update your CocoaPods installation.\" >&2\n    exit 1\nfi\n# This output is used by Xcode 'outputs' to avoid re-running this script phase.\necho \"SUCCESS\" > \"${SCRIPT_OUTPUT_FILE_0}\"\n";
			showEnvVarsInLog = 0;
		};
		EFC42B1466F94D6E6AC2E087 /* [CP] Embed Pods Frameworks */ = {
			isa = PBXShellScriptBuildPhase;
			buildActionMask = 2147483647;
			files = (
			);
			inputFileListPaths = (
				"${PODS_ROOT}/Target Support Files/Pods-PhotosBox/Pods-PhotosBox-frameworks-${CONFIGURATION}-input-files.xcfilelist",
			);
			name = "[CP] Embed Pods Frameworks";
			outputFileListPaths = (
				"${PODS_ROOT}/Target Support Files/Pods-PhotosBox/Pods-PhotosBox-frameworks-${CONFIGURATION}-output-files.xcfilelist",
			);
			runOnlyForDeploymentPostprocessing = 0;
			shellPath = /bin/sh;
			shellScript = "\"${PODS_ROOT}/Target Support Files/Pods-PhotosBox/Pods-PhotosBox-frameworks.sh\"\n";
			showEnvVarsInLog = 0;
		};
/* End PBXShellScriptBuildPhase section */

/* Begin PBXSourcesBuildPhase section */
		D9182736266BB99F006281BE /* Sources */ = {
			isa = PBXSourcesBuildPhase;
			buildActionMask = 2147483647;
			files = (
				D9444D8A267F96520098AC68 /* PhotoInfo.swift in Sources */,
				D9182742266BB99F006281BE /* HomeViewController.swift in Sources */,
				D9898615266E78AB002578F6 /* PhotosSelectionController.swift in Sources */,
				D918273E266BB99F006281BE /* AppDelegate.swift in Sources */,
				D90C689D267F7629008B1A00 /* ViewControllerExtensions.swift in Sources */,
				D967FD50267541EB006736B0 /* SettingsController.swift in Sources */,
				D9BB539B2675E220008F6740 /* PasscodeController.swift in Sources */,
				D9DA9424267B5C6500C2E073 /* FetchPhotosResponse.swift in Sources */,
				D94D508E266FB8230056D089 /* PhotosBox.xcdatamodeld in Sources */,
				D960D8F1266BCB590007B2C5 /* CloudViewController.swift in Sources */,
				D9253183266BC93D0006E61F /* PhotosViewController.swift in Sources */,
				D9444D80267F95AB0098AC68 /* DeletePhotosResponse.swift in Sources */,
				D9B938142674C9C9006EE067 /* LoginResponse.swift in Sources */,
				D967FD4A267534D7006736B0 /* AuthService.swift in Sources */,
				D94D5091266FB8E60056D089 /* Photo+Extensions.swift in Sources */,
				D989861E266E8443002578F6 /* DataModel.swift in Sources */,
				D9633EAD266CC26E00A7BCBF /* PhotoCell.swift in Sources */,
				D9182740266BB99F006281BE /* SceneDelegate.swift in Sources */,
				D989860D266E6E4E002578F6 /* PhotoDetailController.swift in Sources */,
				D9B937F72674B8EC006EE067 /* LoginController.swift in Sources */,
				D9C54F3F267FC43C005F61E6 /* User.swift in Sources */,
				D9BB53A32675F174008F6740 /* PasscodeService.swift in Sources */,
				D9B937F42674B8DD006EE067 /* SignupController.swift in Sources */,
				D9F5B5DF2673B7CA005FE784 /* RoundedButton.swift in Sources */,
				D9B938052674BBA4006EE067 /* ApiService.swift in Sources */,
				D94D5094266FB9260056D089 /* DataController.swift in Sources */,
				D9F5B5E22673CB60005FE784 /* RoundedTextField.swift in Sources */,
				D989861A266E7AC1002578F6 /* GridCollectionView.swift in Sources */,
			);
			runOnlyForDeploymentPostprocessing = 0;
		};
/* End PBXSourcesBuildPhase section */

/* Begin PBXVariantGroup section */
		D9182743266BB99F006281BE /* Main.storyboard */ = {
			isa = PBXVariantGroup;
			children = (
				D9182744266BB99F006281BE /* Base */,
			);
			name = Main.storyboard;
			sourceTree = "<group>";
		};
		D9182748266BB9A0006281BE /* LaunchScreen.storyboard */ = {
			isa = PBXVariantGroup;
			children = (
				D9182749266BB9A0006281BE /* Base */,
			);
			name = LaunchScreen.storyboard;
			sourceTree = "<group>";
		};
/* End PBXVariantGroup section */

/* Begin XCBuildConfiguration section */
		D918274C266BB9A0006281BE /* Debug */ = {
			isa = XCBuildConfiguration;
			buildSettings = {
				ALWAYS_SEARCH_USER_PATHS = NO;
				CLANG_ANALYZER_NONNULL = YES;
				CLANG_ANALYZER_NUMBER_OBJECT_CONVERSION = YES_AGGRESSIVE;
				CLANG_CXX_LANGUAGE_STANDARD = "gnu++14";
				CLANG_CXX_LIBRARY = "libc++";
				CLANG_ENABLE_MODULES = YES;
				CLANG_ENABLE_OBJC_ARC = YES;
				CLANG_ENABLE_OBJC_WEAK = YES;
				CLANG_WARN_BLOCK_CAPTURE_AUTORELEASING = YES;
				CLANG_WARN_BOOL_CONVERSION = YES;
				CLANG_WARN_COMMA = YES;
				CLANG_WARN_CONSTANT_CONVERSION = YES;
				CLANG_WARN_DEPRECATED_OBJC_IMPLEMENTATIONS = YES;
				CLANG_WARN_DIRECT_OBJC_ISA_USAGE = YES_ERROR;
				CLANG_WARN_DOCUMENTATION_COMMENTS = YES;
				CLANG_WARN_EMPTY_BODY = YES;
				CLANG_WARN_ENUM_CONVERSION = YES;
				CLANG_WARN_INFINITE_RECURSION = YES;
				CLANG_WARN_INT_CONVERSION = YES;
				CLANG_WARN_NON_LITERAL_NULL_CONVERSION = YES;
				CLANG_WARN_OBJC_IMPLICIT_RETAIN_SELF = YES;
				CLANG_WARN_OBJC_LITERAL_CONVERSION = YES;
				CLANG_WARN_OBJC_ROOT_CLASS = YES_ERROR;
				CLANG_WARN_QUOTED_INCLUDE_IN_FRAMEWORK_HEADER = YES;
				CLANG_WARN_RANGE_LOOP_ANALYSIS = YES;
				CLANG_WARN_STRICT_PROTOTYPES = YES;
				CLANG_WARN_SUSPICIOUS_MOVE = YES;
				CLANG_WARN_UNGUARDED_AVAILABILITY = YES_AGGRESSIVE;
				CLANG_WARN_UNREACHABLE_CODE = YES;
				CLANG_WARN__DUPLICATE_METHOD_MATCH = YES;
				COPY_PHASE_STRIP = NO;
				DEBUG_INFORMATION_FORMAT = dwarf;
				ENABLE_STRICT_OBJC_MSGSEND = YES;
				ENABLE_TESTABILITY = YES;
				GCC_C_LANGUAGE_STANDARD = gnu11;
				GCC_DYNAMIC_NO_PIC = NO;
				GCC_NO_COMMON_BLOCKS = YES;
				GCC_OPTIMIZATION_LEVEL = 0;
				GCC_PREPROCESSOR_DEFINITIONS = (
					"DEBUG=1",
					"$(inherited)",
				);
				GCC_WARN_64_TO_32_BIT_CONVERSION = YES;
				GCC_WARN_ABOUT_RETURN_TYPE = YES_ERROR;
				GCC_WARN_UNDECLARED_SELECTOR = YES;
				GCC_WARN_UNINITIALIZED_AUTOS = YES_AGGRESSIVE;
				GCC_WARN_UNUSED_FUNCTION = YES;
				GCC_WARN_UNUSED_VARIABLE = YES;
				IPHONEOS_DEPLOYMENT_TARGET = 14.3;
				MTL_ENABLE_DEBUG_INFO = INCLUDE_SOURCE;
				MTL_FAST_MATH = YES;
				ONLY_ACTIVE_ARCH = YES;
				SDKROOT = iphoneos;
				SWIFT_ACTIVE_COMPILATION_CONDITIONS = DEBUG;
				SWIFT_OPTIMIZATION_LEVEL = "-Onone";
			};
			name = Debug;
		};
		D918274D266BB9A0006281BE /* Release */ = {
			isa = XCBuildConfiguration;
			buildSettings = {
				ALWAYS_SEARCH_USER_PATHS = NO;
				CLANG_ANALYZER_NONNULL = YES;
				CLANG_ANALYZER_NUMBER_OBJECT_CONVERSION = YES_AGGRESSIVE;
				CLANG_CXX_LANGUAGE_STANDARD = "gnu++14";
				CLANG_CXX_LIBRARY = "libc++";
				CLANG_ENABLE_MODULES = YES;
				CLANG_ENABLE_OBJC_ARC = YES;
				CLANG_ENABLE_OBJC_WEAK = YES;
				CLANG_WARN_BLOCK_CAPTURE_AUTORELEASING = YES;
				CLANG_WARN_BOOL_CONVERSION = YES;
				CLANG_WARN_COMMA = YES;
				CLANG_WARN_CONSTANT_CONVERSION = YES;
				CLANG_WARN_DEPRECATED_OBJC_IMPLEMENTATIONS = YES;
				CLANG_WARN_DIRECT_OBJC_ISA_USAGE = YES_ERROR;
				CLANG_WARN_DOCUMENTATION_COMMENTS = YES;
				CLANG_WARN_EMPTY_BODY = YES;
				CLANG_WARN_ENUM_CONVERSION = YES;
				CLANG_WARN_INFINITE_RECURSION = YES;
				CLANG_WARN_INT_CONVERSION = YES;
				CLANG_WARN_NON_LITERAL_NULL_CONVERSION = YES;
				CLANG_WARN_OBJC_IMPLICIT_RETAIN_SELF = YES;
				CLANG_WARN_OBJC_LITERAL_CONVERSION = YES;
				CLANG_WARN_OBJC_ROOT_CLASS = YES_ERROR;
				CLANG_WARN_QUOTED_INCLUDE_IN_FRAMEWORK_HEADER = YES;
				CLANG_WARN_RANGE_LOOP_ANALYSIS = YES;
				CLANG_WARN_STRICT_PROTOTYPES = YES;
				CLANG_WARN_SUSPICIOUS_MOVE = YES;
				CLANG_WARN_UNGUARDED_AVAILABILITY = YES_AGGRESSIVE;
				CLANG_WARN_UNREACHABLE_CODE = YES;
				CLANG_WARN__DUPLICATE_METHOD_MATCH = YES;
				COPY_PHASE_STRIP = NO;
				DEBUG_INFORMATION_FORMAT = "dwarf-with-dsym";
				ENABLE_NS_ASSERTIONS = NO;
				ENABLE_STRICT_OBJC_MSGSEND = YES;
				GCC_C_LANGUAGE_STANDARD = gnu11;
				GCC_NO_COMMON_BLOCKS = YES;
				GCC_WARN_64_TO_32_BIT_CONVERSION = YES;
				GCC_WARN_ABOUT_RETURN_TYPE = YES_ERROR;
				GCC_WARN_UNDECLARED_SELECTOR = YES;
				GCC_WARN_UNINITIALIZED_AUTOS = YES_AGGRESSIVE;
				GCC_WARN_UNUSED_FUNCTION = YES;
				GCC_WARN_UNUSED_VARIABLE = YES;
				IPHONEOS_DEPLOYMENT_TARGET = 14.3;
				MTL_ENABLE_DEBUG_INFO = NO;
				MTL_FAST_MATH = YES;
				SDKROOT = iphoneos;
				SWIFT_COMPILATION_MODE = wholemodule;
				SWIFT_OPTIMIZATION_LEVEL = "-O";
				VALIDATE_PRODUCT = YES;
			};
			name = Release;
		};
		D918274F266BB9A0006281BE /* Debug */ = {
			isa = XCBuildConfiguration;
			baseConfigurationReference = 2F210ECC42757443A323E36D /* Pods-PhotosBox.debug.xcconfig */;
			buildSettings = {
				ASSETCATALOG_COMPILER_APPICON_NAME = AppIcon;
				ASSETCATALOG_COMPILER_GLOBAL_ACCENT_COLOR_NAME = AccentColor;
				CODE_SIGN_STYLE = Automatic;
				DEVELOPMENT_TEAM = F8Q38FUM5R;
				INFOPLIST_FILE = PhotosBox/Info.plist;
				LD_RUNPATH_SEARCH_PATHS = (
					"$(inherited)",
					"@executable_path/Frameworks",
				);
				PRODUCT_BUNDLE_IDENTIFIER = com.myanmy.PhotosBox;
				PRODUCT_NAME = "$(TARGET_NAME)";
				SWIFT_VERSION = 5.0;
				TARGETED_DEVICE_FAMILY = 1;
			};
			name = Debug;
		};
		D9182750266BB9A0006281BE /* Release */ = {
			isa = XCBuildConfiguration;
			baseConfigurationReference = C0CC3E9834E7A9A8E6B74666 /* Pods-PhotosBox.release.xcconfig */;
			buildSettings = {
				ASSETCATALOG_COMPILER_APPICON_NAME = AppIcon;
				ASSETCATALOG_COMPILER_GLOBAL_ACCENT_COLOR_NAME = AccentColor;
				CODE_SIGN_STYLE = Automatic;
				DEVELOPMENT_TEAM = F8Q38FUM5R;
				INFOPLIST_FILE = PhotosBox/Info.plist;
				LD_RUNPATH_SEARCH_PATHS = (
					"$(inherited)",
					"@executable_path/Frameworks",
				);
				PRODUCT_BUNDLE_IDENTIFIER = com.myanmy.PhotosBox;
				PRODUCT_NAME = "$(TARGET_NAME)";
				SWIFT_VERSION = 5.0;
				TARGETED_DEVICE_FAMILY = 1;
			};
			name = Release;
		};
/* End XCBuildConfiguration section */

/* Begin XCConfigurationList section */
		D9182735266BB99F006281BE /* Build configuration list for PBXProject "PhotosBox" */ = {
			isa = XCConfigurationList;
			buildConfigurations = (
				D918274C266BB9A0006281BE /* Debug */,
				D918274D266BB9A0006281BE /* Release */,
			);
			defaultConfigurationIsVisible = 0;
			defaultConfigurationName = Release;
		};
		D918274E266BB9A0006281BE /* Build configuration list for PBXNativeTarget "PhotosBox" */ = {
			isa = XCConfigurationList;
			buildConfigurations = (
				D918274F266BB9A0006281BE /* Debug */,
				D9182750266BB9A0006281BE /* Release */,
			);
			defaultConfigurationIsVisible = 0;
			defaultConfigurationName = Release;
		};
/* End XCConfigurationList section */

/* Begin XCVersionGroup section */
		D94D508C266FB8230056D089 /* PhotosBox.xcdatamodeld */ = {
			isa = XCVersionGroup;
			children = (
				D94D508D266FB8230056D089 /* PhotosBox.xcdatamodel */,
			);
			currentVersion = D94D508D266FB8230056D089 /* PhotosBox.xcdatamodel */;
			path = PhotosBox.xcdatamodeld;
			sourceTree = "<group>";
			versionGroupType = wrapper.xcdatamodel;
		};
/* End XCVersionGroup section */
	};
	rootObject = D9182732266BB99F006281BE /* Project object */;
}
